
Microsoft Visual Studio Solution File, Format Version 12.00
# Visual Studio Version 17
VisualStudioVersion = 17.8.34316.72
MinimumVisualStudioVersion = 10.0.40219.1
Project("{FAE04EC0-301F-11D3-BF4B-00C04F79EFBC}") = "Kyrsovau Rabota", "Kyrsovau Rabota.csproj", "{625E9D05-A163-416E-B820-7107616D8B0E}"
EndProject
Global
	GlobalSection(SolutionConfigurationPlatforms) = preSolution
		Debug|Any CPU = Debug|Any CPU
		Release|Any CPU = Release|Any CPU
	EndGlobalSection
	GlobalSection(ProjectConfigurationPlatforms) = postSolution
		{625E9D05-A163-416E-B820-7107616D8B0E}.Debug|Any CPU.ActiveCfg = Debug|Any CPU
		{625E9D05-A163-416E-B820-7107616D8B0E}.Debug|Any CPU.Build.0 = Debug|Any CPU
		{625E9D05-A163-416E-B820-7107616D8B0E}.Release|Any CPU.ActiveCfg = Release|Any CPU
		{625E9D05-A163-416E-B820-7107616D8B0E}.Release|Any CPU.Build.0 = Release|Any CPU
	EndGlobalSection
	GlobalSection(SolutionProperties) = preSolution
		HideSolutionNode = FALSE
	EndGlobalSection
	GlobalSection(ExtensibilityGlobals) = postSolution
		SolutionGuid = {6D3C8B65-7A12-40DA-8467-0668DD9FF75F}
	EndGlobalSection
EndGlobal
